# This file is automatically @generated by Cargo.
# It is not intended for manual editing.
version = 3

[[package]]
name = "irauth-backend-howdy"
version = "0.1.0"
dependencies = [
 "irauth-core",
]

[[package]]
name = "irauth-core"
version = "0.1.0"

[[package]]
name = "irauth-daemon"
version = "0.1.0"
dependencies = [
 "irauth-backend-howdy",
 "irauth-core",
 "irauth-hardware",
]

[[package]]
name = "irauth-hardware"
version = "0.1.0"

[[package]]
name = "irauth-passkey"
version = "0.1.0"

[[package]]
name = "irauthctl"
version = "0.1.0"
dependencies = [
 "irauth-backend-howdy",
 "irauth-core",
 "irauth-hardware",
 "irauth-passkey",
]

[[package]]
name = "pam-irauth"
version = "0.1.0"
dependencies = [
 "irauth-core",
]
